// !$*UTF8*$!
{
	archiveVersion = 1;
	classes = {
	};
	objectVersion = 46;
	objects = {

/* Begin PBXBuildFile section */
		326F072416CFCBE6008A69CC /* UIKit.framework in Frameworks */ = {isa = PBXBuildFile; fileRef = 326F072316CFCBE6008A69CC /* UIKit.framework */; };
		326F072616CFCBE6008A69CC /* Foundation.framework in Frameworks */ = {isa = PBXBuildFile; fileRef = 326F072516CFCBE6008A69CC /* Foundation.framework */; };
		326F072816CFCBE6008A69CC /* CoreGraphics.framework in Frameworks */ = {isa = PBXBuildFile; fileRef = 326F072716CFCBE6008A69CC /* CoreGraphics.framework */; };
		326F072E16CFCBE7008A69CC /* InfoPlist.strings in Resources */ = {isa = PBXBuildFile; fileRef = 326F072C16CFCBE7008A69CC /* InfoPlist.strings */; };
		326F073016CFCBE7008A69CC /* main.m in Sources */ = {isa = PBXBuildFile; fileRef = 326F072F16CFCBE7008A69CC /* main.m */; };
		326F073416CFCBE7008A69CC /* OPAppDelegate.m in Sources */ = {isa = PBXBuildFile; fileRef = 326F073316CFCBE7008A69CC /* OPAppDelegate.m */; };
		326F073616CFCBE7008A69CC /* Default.png in Resources */ = {isa = PBXBuildFile; fileRef = 326F073516CFCBE7008A69CC /* Default.png */; };
		326F073816CFCBE7008A69CC /* Default@2x.png in Resources */ = {isa = PBXBuildFile; fileRef = 326F073716CFCBE7008A69CC /* Default@2x.png */; };
		326F073A16CFCBE7008A69CC /* Default-568h@2x.png in Resources */ = {isa = PBXBuildFile; fileRef = 326F073916CFCBE7008A69CC /* Default-568h@2x.png */; };
		326F073D16CFCBE7008A69CC /* MainStoryboard.storyboard in Resources */ = {isa = PBXBuildFile; fileRef = 326F073B16CFCBE7008A69CC /* MainStoryboard.storyboard */; };
		326F074016CFCBE7008A69CC /* OPViewController.m in Sources */ = {isa = PBXBuildFile; fileRef = 326F073F16CFCBE7008A69CC /* OPViewController.m */; };
		326F075716CFD7E3008A69CC /* SomeSubscriber.m in Sources */ = {isa = PBXBuildFile; fileRef = 326F075616CFD7E3008A69CC /* SomeSubscriber.m */; };
		326F075A16CFD7F5008A69CC /* OtherSubscriber.m in Sources */ = {isa = PBXBuildFile; fileRef = 326F075916CFD7F5008A69CC /* OtherSubscriber.m */; };
		326F075D16CFDD6A008A69CC /* StandardSubjectImplementation.m in Sources */ = {isa = PBXBuildFile; fileRef = 326F075C16CFDD6A008A69CC /* StandardSubjectImplementation.m */; };
		3297D8C716D0D7DE00DC1575 /* KVOSubject.m in Sources */ = {isa = PBXBuildFile; fileRef = 3297D8C616D0D7DE00DC1575 /* KVOSubject.m */; };
		3297D8CA16D0D7EF00DC1575 /* KVOObserver.m in Sources */ = {isa = PBXBuildFile; fileRef = 3297D8C916D0D7EF00DC1575 /* KVOObserver.m */; };
/* End PBXBuildFile section */

/* Begin PBXFileReference section */
		326F072016CFCBE6008A69CC /* ObserverPattern.app */ = {isa = PBXFileReference; explicitFileType = wrapper.application; includeInIndex = 0; path = ObserverPattern.app; sourceTree = BUILT_PRODUCTS_DIR; };
		326F072316CFCBE6008A69CC /* UIKit.framework */ = {isa = PBXFileReference; lastKnownFileType = wrapper.framework; name = UIKit.framework; path = System/Library/Frameworks/UIKit.framework; sourceTree = SDKROOT; };
		326F072516CFCBE6008A69CC /* Foundation.framework */ = {isa = PBXFileReference; lastKnownFileType = wrapper.framework; name = Foundation.framework; path = System/Library/Frameworks/Foundation.framework; sourceTree = SDKROOT; };
		326F072716CFCBE6008A69CC /* CoreGraphics.framework */ = {isa = PBXFileReference; lastKnownFileType = wrapper.framework; name = CoreGraphics.framework; path = System/Library/Frameworks/CoreGraphics.framework; sourceTree = SDKROOT; };
		326F072B16CFCBE7008A69CC /* ObserverPattern-Info.plist */ = {isa = PBXFileReference; lastKnownFileType = text.plist.xml; path = "ObserverPattern-Info.plist"; sourceTree = "<group>"; };
		326F072D16CFCBE7008A69CC /* en */ = {isa = PBXFileReference; lastKnownFileType = text.plist.strings; name = en; path = en.lproj/InfoPlist.strings; sourceTree = "<group>"; };
		326F072F16CFCBE7008A69CC /* main.m */ = {isa = PBXFileReference; lastKnownFileType = sourcecode.c.objc; path = main.m; sourceTree = "<group>"; };
		326F073116CFCBE7008A69CC /* ObserverPattern-Prefix.pch */ = {isa = PBXFileReference; lastKnownFileType = sourcecode.c.h; path = "ObserverPattern-Prefix.pch"; sourceTree = "<group>"; };
		326F073216CFCBE7008A69CC /* OPAppDelegate.h */ = {isa = PBXFileReference; lastKnownFileType = sourcecode.c.h; path = OPAppDelegate.h; sourceTree = "<group>"; };
		326F073316CFCBE7008A69CC /* OPAppDelegate.m */ = {isa = PBXFileReference; lastKnownFileType = sourcecode.c.objc; path = OPAppDelegate.m; sourceTree = "<group>"; };
		326F073516CFCBE7008A69CC /* Default.png */ = {isa = PBXFileReference; lastKnownFileType = image.png; path = Default.png; sourceTree = "<group>"; };
		326F073716CFCBE7008A69CC /* Default@2x.png */ = {isa = PBXFileReference; lastKnownFileType = image.png; path = "Default@2x.png"; sourceTree = "<group>"; };
		326F073916CFCBE7008A69CC /* Default-568h@2x.png */ = {isa = PBXFileReference; lastKnownFileType = image.png; path = "Default-568h@2x.png"; sourceTree = "<group>"; };
		326F073C16CFCBE7008A69CC /* en */ = {isa = PBXFileReference; lastKnownFileType = file.storyboard; name = en; path = en.lproj/MainStoryboard.storyboard; sourceTree = "<group>"; };
		326F073E16CFCBE7008A69CC /* OPViewController.h */ = {isa = PBXFileReference; lastKnownFileType = sourcecode.c.h; path = OPViewController.h; sourceTree = "<group>"; };
		326F073F16CFCBE7008A69CC /* OPViewController.m */ = {isa = PBXFileReference; lastKnownFileType = sourcecode.c.objc; path = OPViewController.m; sourceTree = "<group>"; };
		326F075016CFD599008A69CC /* StandardObserver.h */ = {isa = PBXFileReference; lastKnownFileType = sourcecode.c.h; path = StandardObserver.h; sourceTree = "<group>"; };
		326F075116CFD5F6008A69CC /* StandardSubject.h */ = {isa = PBXFileReference; lastKnownFileType = sourcecode.c.h; path = StandardSubject.h; sourceTree = "<group>"; };
		326F075516CFD7E3008A69CC /* SomeSubscriber.h */ = {isa = PBXFileReference; fileEncoding = 4; lastKnownFileType = sourcecode.c.h; path = SomeSubscriber.h; sourceTree = "<group>"; };
		326F075616CFD7E3008A69CC /* SomeSubscriber.m */ = {isa = PBXFileReference; fileEncoding = 4; lastKnownFileType = sourcecode.c.objc; path = SomeSubscriber.m; sourceTree = "<group>"; };
		326F075816CFD7F5008A69CC /* OtherSubscriber.h */ = {isa = PBXFileReference; fileEncoding = 4; lastKnownFileType = sourcecode.c.h; path = OtherSubscriber.h; sourceTree = "<group>"; };
		326F075916CFD7F5008A69CC /* OtherSubscriber.m */ = {isa = PBXFileReference; fileEncoding = 4; lastKnownFileType = sourcecode.c.objc; path = OtherSubscriber.m; sourceTree = "<group>"; };
		326F075B16CFDD69008A69CC /* StandardSubjectImplementation.h */ = {isa = PBXFileReference; fileEncoding = 4; lastKnownFileType = sourcecode.c.h; path = StandardSubjectImplementation.h; sourceTree = "<group>"; };
		326F075C16CFDD6A008A69CC /* StandardSubjectImplementation.m */ = {isa = PBXFileReference; fileEncoding = 4; lastKnownFileType = sourcecode.c.objc; path = StandardSubjectImplementation.m; sourceTree = "<group>"; };
		3297D8C516D0D7DE00DC1575 /* KVOSubject.h */ = {isa = PBXFileReference; fileEncoding = 4; lastKnownFileType = sourcecode.c.h; path = KVOSubject.h; sourceTree = "<group>"; };
		3297D8C616D0D7DE00DC1575 /* KVOSubject.m */ = {isa = PBXFileReference; fileEncoding = 4; lastKnownFileType = sourcecode.c.objc; path = KVOSubject.m; sourceTree = "<group>"; };
		3297D8C816D0D7EF00DC1575 /* KVOObserver.h */ = {isa = PBXFileReference; fileEncoding = 4; lastKnownFileType = sourcecode.c.h; path = KVOObserver.h; sourceTree = "<group>"; };
		3297D8C916D0D7EF00DC1575 /* KVOObserver.m */ = {isa = PBXFileReference; fileEncoding = 4; lastKnownFileType = sourcecode.c.objc; path = KVOObserver.m; sourceTree = "<group>"; };
/* End PBXFileReference section */

/* Begin PBXFrameworksBuildPhase section */
		326F071D16CFCBE6008A69CC /* Frameworks */ = {
			isa = PBXFrameworksBuildPhase;
			buildActionMask = 2147483647;
			files = (
				326F072416CFCBE6008A69CC /* UIKit.framework in Frameworks */,
				326F072616CFCBE6008A69CC /* Foundation.framework in Frameworks */,
				326F072816CFCBE6008A69CC /* CoreGraphics.framework in Frameworks */,
			);
			runOnlyForDeploymentPostprocessing = 0;
		};
/* End PBXFrameworksBuildPhase section */

/* Begin PBXGroup section */
		326F071716CFCBE6008A69CC = {
			isa = PBXGroup;
			children = (
				326F072916CFCBE7008A69CC /* ObserverPattern */,
				326F072216CFCBE6008A69CC /* Frameworks */,
				326F072116CFCBE6008A69CC /* Products */,
			);
			sourceTree = "<group>";
		};
		326F072116CFCBE6008A69CC /* Products */ = {
			isa = PBXGroup;
			children = (
				326F072016CFCBE6008A69CC /* ObserverPattern.app */,
			);
			name = Products;
			sourceTree = "<group>";
		};
		326F072216CFCBE6008A69CC /* Frameworks */ = {
			isa = PBXGroup;
			children = (
				326F072316CFCBE6008A69CC /* UIKit.framework */,
				326F072516CFCBE6008A69CC /* Foundation.framework */,
				326F072716CFCBE6008A69CC /* CoreGraphics.framework */,
			);
			name = Frameworks;
			sourceTree = "<group>";
		};
		326F072916CFCBE7008A69CC /* ObserverPattern */ = {
			isa = PBXGroup;
			children = (
				3297D8C416D0D7C600DC1575 /* KVO Example */,
				326F074616CFCBEC008A69CC /* Classes */,
				326F073216CFCBE7008A69CC /* OPAppDelegate.h */,
				326F073316CFCBE7008A69CC /* OPAppDelegate.m */,
				326F073B16CFCBE7008A69CC /* MainStoryboard.storyboard */,
				326F073E16CFCBE7008A69CC /* OPViewController.h */,
				326F073F16CFCBE7008A69CC /* OPViewController.m */,
				326F072A16CFCBE7008A69CC /* Supporting Files */,
			);
			path = ObserverPattern;
			sourceTree = "<group>";
		};
		326F072A16CFCBE7008A69CC /* Supporting Files */ = {
			isa = PBXGroup;
			children = (
				326F072B16CFCBE7008A69CC /* ObserverPattern-Info.plist */,
				326F072C16CFCBE7008A69CC /* InfoPlist.strings */,
				326F072F16CFCBE7008A69CC /* main.m */,
				326F073116CFCBE7008A69CC /* ObserverPattern-Prefix.pch */,
				326F073516CFCBE7008A69CC /* Default.png */,
				326F073716CFCBE7008A69CC /* Default@2x.png */,
				326F073916CFCBE7008A69CC /* Default-568h@2x.png */,
			);
			name = "Supporting Files";
			sourceTree = "<group>";
		};
		326F074616CFCBEC008A69CC /* Classes */ = {
			isa = PBXGroup;
			children = (
				326F075016CFD599008A69CC /* StandardObserver.h */,
				326F075116CFD5F6008A69CC /* StandardSubject.h */,
				326F075B16CFDD69008A69CC /* StandardSubjectImplementation.h */,
				326F075C16CFDD6A008A69CC /* StandardSubjectImplementation.m */,
				326F075516CFD7E3008A69CC /* SomeSubscriber.h */,
				326F075616CFD7E3008A69CC /* SomeSubscriber.m */,
				326F075816CFD7F5008A69CC /* OtherSubscriber.h */,
				326F075916CFD7F5008A69CC /* OtherSubscriber.m */,
			);
			name = Classes;
			sourceTree = "<group>";
		};
		3297D8C416D0D7C600DC1575 /* KVO Example */ = {
			isa = PBXGroup;
			children = (
				3297D8C516D0D7DE00DC1575 /* KVOSubject.h */,
				3297D8C616D0D7DE00DC1575 /* KVOSubject.m */,
				3297D8C816D0D7EF00DC1575 /* KVOObserver.h */,
				3297D8C916D0D7EF00DC1575 /* KVOObserver.m */,
			);
			name = "KVO Example";
			sourceTree = "<group>";
		};
/* End PBXGroup section */

/* Begin PBXNativeTarget section */
		326F071F16CFCBE6008A69CC /* ObserverPattern */ = {
			isa = PBXNativeTarget;
			buildConfigurationList = 326F074316CFCBE7008A69CC /* Build configuration list for PBXNativeTarget "ObserverPattern" */;
			buildPhases = (
				326F071C16CFCBE6008A69CC /* Sources */,
				326F071D16CFCBE6008A69CC /* Frameworks */,
				326F071E16CFCBE6008A69CC /* Resources */,
			);
			buildRules = (
			);
			dependencies = (
			);
			name = ObserverPattern;
			productName = ObserverPattern;
			productReference = 326F072016CFCBE6008A69CC /* ObserverPattern.app */;
			productType = "com.apple.product-type.application";
		};
/* End PBXNativeTarget section */

/* Begin PBXProject section */
		326F071816CFCBE6008A69CC /* Project object */ = {
			isa = PBXProject;
			attributes = {
				CLASSPREFIX = OP;
				LastUpgradeCheck = 0460;
				ORGANIZATIONNAME = mDev;
			};
			buildConfigurationList = 326F071B16CFCBE6008A69CC /* Build configuration list for PBXProject "ObserverPattern" */;
			compatibilityVersion = "Xcode 3.2";
			developmentRegion = English;
			hasScannedForEncodings = 0;
			knownRegions = (
				en,
			);
			mainGroup = 326F071716CFCBE6008A69CC;
			productRefGroup = 326F072116CFCBE6008A69CC /* Products */;
			projectDirPath = "";
			projectRoot = "";
			targets = (
				326F071F16CFCBE6008A69CC /* ObserverPattern */,
			);
		};
/* End PBXProject section */

/* Begin PBXResourcesBuildPhase section */
		326F071E16CFCBE6008A69CC /* Resources */ = {
			isa = PBXResourcesBuildPhase;
			buildActionMask = 2147483647;
			files = (
				326F072E16CFCBE7008A69CC /* InfoPlist.strings in Resources */,
				326F073616CFCBE7008A69CC /* Default.png in Resources */,
				326F073816CFCBE7008A69CC /* Default@2x.png in Resources */,
				326F073A16CFCBE7008A69CC /* Default-568h@2x.png in Resources */,
				326F073D16CFCBE7008A69CC /* MainStoryboard.storyboard in Resources */,
			);
			runOnlyForDeploymentPostprocessing = 0;
		};
/* End PBXResourcesBuildPhase section */

/* Begin PBXSourcesBuildPhase section */
		326F071C16CFCBE6008A69CC /* Sources */ = {
			isa = PBXSourcesBuildPhase;
			buildActionMask = 2147483647;
			files = (
				326F073016CFCBE7008A69CC /* main.m in Sources */,
				326F073416CFCBE7008A69CC /* OPAppDelegate.m in Sources */,
				326F074016CFCBE7008A69CC /* OPViewController.m in Sources */,
				326F075716CFD7E3008A69CC /* SomeSubscriber.m in Sources */,
				326F075A16CFD7F5008A69CC /* OtherSubscriber.m in Sources */,
				326F075D16CFDD6A008A69CC /* StandardSubjectImplementation.m in Sources */,
				3297D8C716D0D7DE00DC1575 /* KVOSubject.m in Sources */,
				3297D8CA16D0D7EF00DC1575 /* KVOObserver.m in Sources */,
			);
			runOnlyForDeploymentPostprocessing = 0;
		};
/* End PBXSourcesBuildPhase section */

/* Begin PBXVariantGroup section */
		326F072C16CFCBE7008A69CC /* InfoPlist.strings */ = {
			isa = PBXVariantGroup;
			children = (
				326F072D16CFCBE7008A69CC /* en */,
			);
			name = InfoPlist.strings;
			sourceTree = "<group>";
		};
		326F073B16CFCBE7008A69CC /* MainStoryboard.storyboard */ = {
			isa = PBXVariantGroup;
			children = (
				326F073C16CFCBE7008A69CC /* en */,
			);
			name = MainStoryboard.storyboard;
			sourceTree = "<group>";
		};
/* End PBXVariantGroup section */

/* Begin XCBuildConfiguration section */
		326F074116CFCBE7008A69CC /* Debug */ = {
			isa = XCBuildConfiguration;
			buildSettings = {
				ALWAYS_SEARCH_USER_PATHS = NO;
				CLANG_CXX_LANGUAGE_STANDARD = "gnu++0x";
				CLANG_CXX_LIBRARY = "libc++";
				CLANG_ENABLE_OBJC_ARC = YES;
				CLANG_WARN_CONSTANT_CONVERSION = YES;
				CLANG_WARN_EMPTY_BODY = YES;
				CLANG_WARN_ENUM_CONVERSION = YES;
				CLANG_WARN_INT_CONVERSION = YES;
				CLANG_WARN__DUPLICATE_METHOD_MATCH = YES;
				"CODE_SIGN_IDENTITY[sdk=iphoneos*]" = "iPhone Developer";
				COPY_PHASE_STRIP = NO;
				GCC_C_LANGUAGE_STANDARD = gnu99;
				GCC_DYNAMIC_NO_PIC = NO;
				GCC_OPTIMIZATION_LEVEL = 0;
				GCC_PREPROCESSOR_DEFINITIONS = (
					"DEBUG=1",
					"$(inherited)",
				);
				GCC_SYMBOLS_PRIVATE_EXTERN = NO;
				GCC_WARN_ABOUT_RETURN_TYPE = YES;
				GCC_WARN_UNINITIALIZED_AUTOS = YES;
				GCC_WARN_UNUSED_VARIABLE = YES;
				IPHONEOS_DEPLOYMENT_TARGET = 6.1;
				ONLY_ACTIVE_ARCH = YES;
				SDKROOT = iphoneos;
			};
			name = Debug;
		};
		326F074216CFCBE7008A69CC /* Release */ = {
			isa = XCBuildConfiguration;
			buildSettings = {
				ALWAYS_SEARCH_USER_PATHS = NO;
				CLANG_CXX_LANGUAGE_STANDARD = "gnu++0x";
				CLANG_CXX_LIBRARY = "libc++";
				CLANG_ENABLE_OBJC_ARC = YES;
				CLANG_WARN_CONSTANT_CONVERSION = YES;
				CLANG_WARN_EMPTY_BODY = YES;
				CLANG_WARN_ENUM_CONVERSION = YES;
				CLANG_WARN_INT_CONVERSION = YES;
				CLANG_WARN__DUPLICATE_METHOD_MATCH = YES;
				"CODE_SIGN_IDENTITY[sdk=iphoneos*]" = "iPhone Developer";
				COPY_PHASE_STRIP = YES;
				GCC_C_LANGUAGE_STANDARD = gnu99;
				GCC_WARN_ABOUT_RETURN_TYPE = YES;
				GCC_WARN_UNINITIALIZED_AUTOS = YES;
				GCC_WARN_UNUSED_VARIABLE = YES;
				IPHONEOS_DEPLOYMENT_TARGET = 6.1;
				OTHER_CFLAGS = "-DNS_BLOCK_ASSERTIONS=1";
				SDKROOT = iphoneos;
				VALIDATE_PRODUCT = YES;
			};
			name = Release;
		};
		326F074416CFCBE7008A69CC /* Debug */ = {
			isa = XCBuildConfiguration;
			buildSettings = {
				GCC_PRECOMPILE_PREFIX_HEADER = YES;
				GCC_PREFIX_HEADER = "ObserverPattern/ObserverPattern-Prefix.pch";
				INFOPLIST_FILE = "ObserverPattern/ObserverPattern-Info.plist";
				PRODUCT_NAME = "$(TARGET_NAME)";
				WRAPPER_EXTENSION = app;
			};
			name = Debug;
		};
		326F074516CFCBE7008A69CC /* Release */ = {
			isa = XCBuildConfiguration;
			buildSettings = {
				GCC_PRECOMPILE_PREFIX_HEADER = YES;
				GCC_PREFIX_HEADER = "ObserverPattern/ObserverPattern-Prefix.pch";
				INFOPLIST_FILE = "ObserverPattern/ObserverPattern-Info.plist";
				PRODUCT_NAME = "$(TARGET_NAME)";
				WRAPPER_EXTENSION = app;
			};
			name = Release;
		};
/* End XCBuildConfiguration section */

/* Begin XCConfigurationList section */
		326F071B16CFCBE6008A69CC /* Build configuration list for PBXProject "ObserverPattern" */ = {
			isa = XCConfigurationList;
			buildConfigurations = (
				326F074116CFCBE7008A69CC /* Debug */,
				326F074216CFCBE7008A69CC /* Release */,
			);
			defaultConfigurationIsVisible = 0;
			defaultConfigurationName = Release;
		};
		326F074316CFCBE7008A69CC /* Build configuration list for PBXNativeTarget "ObserverPattern" */ = {
			isa = XCConfigurationList;
			buildConfigurations = (
				326F074416CFCBE7008A69CC /* Debug */,
				326F074516CFCBE7008A69CC /* Release */,
			);
			defaultConfigurationIsVisible = 0;
			defaultConfigurationName = Release;
		};
/* End XCConfigurationList section */
	};
	rootObject = 326F071816CFCBE6008A69CC /* Project object */;
}
